// !$*UTF8*$!
{
	archiveVersion = 1;
	classes = {
	};
	objectVersion = 46;
	objects = {

/* Begin PBXBuildFile section */
		3AB3E57FF441606F33F73669 /* libPods-REST.a in Frameworks */ = {isa = PBXBuildFile; fileRef = FCA30C8C9E527F8147161D8F /* libPods-REST.a */; };
		F22A3D0B1D9E0B5C0024376F /* main.m in Sources */ = {isa = PBXBuildFile; fileRef = F22A3D0A1D9E0B5C0024376F /* main.m */; };
		F22A3D0E1D9E0B5C0024376F /* AppDelegate.m in Sources */ = {isa = PBXBuildFile; fileRef = F22A3D0D1D9E0B5C0024376F /* AppDelegate.m */; };
		F22A3D141D9E0B5C0024376F /* Main.storyboard in Resources */ = {isa = PBXBuildFile; fileRef = F22A3D121D9E0B5C0024376F /* Main.storyboard */; };
		F22A3D171D9E0B5C0024376F /* REST.xcdatamodeld in Sources */ = {isa = PBXBuildFile; fileRef = F22A3D151D9E0B5C0024376F /* REST.xcdatamodeld */; };
		F22A3D191D9E0B5C0024376F /* Assets.xcassets in Resources */ = {isa = PBXBuildFile; fileRef = F22A3D181D9E0B5C0024376F /* Assets.xcassets */; };
		F22A3D1C1D9E0B5C0024376F /* LaunchScreen.storyboard in Resources */ = {isa = PBXBuildFile; fileRef = F22A3D1A1D9E0B5C0024376F /* LaunchScreen.storyboard */; };
		F22A3D271D9E0B5C0024376F /* RESTTests.m in Sources */ = {isa = PBXBuildFile; fileRef = F22A3D261D9E0B5C0024376F /* RESTTests.m */; };
		F22A3D321D9E0B5C0024376F /* RESTUITests.m in Sources */ = {isa = PBXBuildFile; fileRef = F22A3D311D9E0B5C0024376F /* RESTUITests.m */; };
		F22A3D451D9E0C360024376F /* WeatherFetcher.m in Sources */ = {isa = PBXBuildFile; fileRef = F22A3D441D9E0C360024376F /* WeatherFetcher.m */; };
		F22A3D511DA03A6E0024376F /* WeatherDetailTableViewCell.m in Sources */ = {isa = PBXBuildFile; fileRef = F22A3D501DA03A6E0024376F /* WeatherDetailTableViewCell.m */; };
		F244981C1DA97F3A00E05BDB /* Day+CoreDataClass.m in Sources */ = {isa = PBXBuildFile; fileRef = F244980D1DA97F3A00E05BDB /* Day+CoreDataClass.m */; };
		F244981D1DA97F3A00E05BDB /* Day+CoreDataProperties.m in Sources */ = {isa = PBXBuildFile; fileRef = F244980F1DA97F3A00E05BDB /* Day+CoreDataProperties.m */; };
		F244981E1DA97F3A00E05BDB /* Weather+CoreDataClass.m in Sources */ = {isa = PBXBuildFile; fileRef = F24498111DA97F3A00E05BDB /* Weather+CoreDataClass.m */; };
		F244981F1DA97F3A00E05BDB /* Weather+CoreDataProperties.m in Sources */ = {isa = PBXBuildFile; fileRef = F24498131DA97F3A00E05BDB /* Weather+CoreDataProperties.m */; };
		F24498201DA97F3A00E05BDB /* City+CoreDataClass.m in Sources */ = {isa = PBXBuildFile; fileRef = F24498151DA97F3A00E05BDB /* City+CoreDataClass.m */; };
		F24498211DA97F3A00E05BDB /* City+CoreDataProperties.m in Sources */ = {isa = PBXBuildFile; fileRef = F24498171DA97F3A00E05BDB /* City+CoreDataProperties.m */; };
		F24498221DA97F3A00E05BDB /* Hour+CoreDataClass.m in Sources */ = {isa = PBXBuildFile; fileRef = F24498191DA97F3A00E05BDB /* Hour+CoreDataClass.m */; };
		F24498231DA97F3A00E05BDB /* Hour+CoreDataProperties.m in Sources */ = {isa = PBXBuildFile; fileRef = F244981B1DA97F3A00E05BDB /* Hour+CoreDataProperties.m */; };
		F269F84D1DB6C867009840AC /* SectionHeaderView.xib in Resources */ = {isa = PBXBuildFile; fileRef = F269F84C1DB6C867009840AC /* SectionHeaderView.xib */; };
		F269F8501DB6C957009840AC /* CWSectionHeaderView.m in Sources */ = {isa = PBXBuildFile; fileRef = F269F84F1DB6C957009840AC /* CWSectionHeaderView.m */; };
		F269F8531DB6FD77009840AC /* Section.m in Sources */ = {isa = PBXBuildFile; fileRef = F269F8521DB6FD77009840AC /* Section.m */; };
		F269F8561DB816A0009840AC /* WeatherViewController.m in Sources */ = {isa = PBXBuildFile; fileRef = F269F8551DB816A0009840AC /* WeatherViewController.m */; };
		F269F85C1DBA7D1F009840AC /* DailyWeatherHelper.m in Sources */ = {isa = PBXBuildFile; fileRef = F269F85B1DBA7D1F009840AC /* DailyWeatherHelper.m */; };
		F27228161DBC219A00B183CD /* CoreLocation.framework in Frameworks */ = {isa = PBXBuildFile; fileRef = F27228151DBC219A00B183CD /* CoreLocation.framework */; };
		F272281B1DBC30EF00B183CD /* WeatherURLS.m in Sources */ = {isa = PBXBuildFile; fileRef = F272281A1DBC30EF00B183CD /* WeatherURLS.m */; };
		F2889FC21DBA80F500705560 /* DailyWeatherHelper+Formats.m in Sources */ = {isa = PBXBuildFile; fileRef = F2889FC11DBA80F500705560 /* DailyWeatherHelper+Formats.m */; };
		F2A15F7D1DAA84A600480F9A /* ForecastWeatherHelper.m in Sources */ = {isa = PBXBuildFile; fileRef = F2A15F7C1DAA84A600480F9A /* ForecastWeatherHelper.m */; };
		F2A15F821DAA933100480F9A /* Forecast+CoreDataClass.m in Sources */ = {isa = PBXBuildFile; fileRef = F2A15F7F1DAA933100480F9A /* Forecast+CoreDataClass.m */; };
		F2A15F831DAA933100480F9A /* Forecast+CoreDataProperties.m in Sources */ = {isa = PBXBuildFile; fileRef = F2A15F811DAA933100480F9A /* Forecast+CoreDataProperties.m */; };
		F2A15F861DAB189800480F9A /* ForecastWeatherHelper+Formats.m in Sources */ = {isa = PBXBuildFile; fileRef = F2A15F851DAB189800480F9A /* ForecastWeatherHelper+Formats.m */; };
		F2B823BF1DB03EB0004F6768 /* CurrentWeatherViewController.m in Sources */ = {isa = PBXBuildFile; fileRef = F2B823BE1DB03EB0004F6768 /* CurrentWeatherViewController.m */; };
		F2F20DAF1DB5C5EC00768CBB /* WeatherHelper.m in Sources */ = {isa = PBXBuildFile; fileRef = F2F20DAE1DB5C5EC00768CBB /* WeatherHelper.m */; };
		F2F20DB21DB5C8A700768CBB /* CurrentWeatherHelper.m in Sources */ = {isa = PBXBuildFile; fileRef = F2F20DB11DB5C8A700768CBB /* CurrentWeatherHelper.m */; };
		F2F20DB51DB5CBC200768CBB /* CurrentWeatherHelper+Formats.m in Sources */ = {isa = PBXBuildFile; fileRef = F2F20DB41DB5CBC200768CBB /* CurrentWeatherHelper+Formats.m */; };
/* End PBXBuildFile section */

/* Begin PBXContainerItemProxy section */
		F22A3D231D9E0B5C0024376F /* PBXContainerItemProxy */ = {
			isa = PBXContainerItemProxy;
			containerPortal = F22A3CFE1D9E0B5C0024376F /* Project object */;
			proxyType = 1;
			remoteGlobalIDString = F22A3D051D9E0B5C0024376F;
			remoteInfo = REST;
		};
		F22A3D2E1D9E0B5C0024376F /* PBXContainerItemProxy */ = {
			isa = PBXContainerItemProxy;
			containerPortal = F22A3CFE1D9E0B5C0024376F /* Project object */;
			proxyType = 1;
			remoteGlobalIDString = F22A3D051D9E0B5C0024376F;
			remoteInfo = REST;
		};
/* End PBXContainerItemProxy section */

/* Begin PBXFileReference section */
		31A7C4836011BA8CC3C22DFE /* Pods-REST.release.xcconfig */ = {isa = PBXFileReference; includeInIndex = 1; lastKnownFileType = text.xcconfig; name = "Pods-REST.release.xcconfig"; path = "Pods/Target Support Files/Pods-REST/Pods-REST.release.xcconfig"; sourceTree = "<group>"; };
		5AC7E4EF06DF4AF60C8EB7F1 /* Pods-REST.debug.xcconfig */ = {isa = PBXFileReference; includeInIndex = 1; lastKnownFileType = text.xcconfig; name = "Pods-REST.debug.xcconfig"; path = "Pods/Target Support Files/Pods-REST/Pods-REST.debug.xcconfig"; sourceTree = "<group>"; };
		F22A3D061D9E0B5C0024376F /* REST.app */ = {isa = PBXFileReference; explicitFileType = wrapper.application; includeInIndex = 0; path = REST.app; sourceTree = BUILT_PRODUCTS_DIR; };
		F22A3D0A1D9E0B5C0024376F /* main.m */ = {isa = PBXFileReference; lastKnownFileType = sourcecode.c.objc; path = main.m; sourceTree = "<group>"; };
		F22A3D0C1D9E0B5C0024376F /* AppDelegate.h */ = {isa = PBXFileReference; lastKnownFileType = sourcecode.c.h; path = AppDelegate.h; sourceTree = "<group>"; };
		F22A3D0D1D9E0B5C0024376F /* AppDelegate.m */ = {isa = PBXFileReference; lastKnownFileType = sourcecode.c.objc; path = AppDelegate.m; sourceTree = "<group>"; };
		F22A3D131D9E0B5C0024376F /* Base */ = {isa = PBXFileReference; lastKnownFileType = file.storyboard; name = Base; path = Base.lproj/Main.storyboard; sourceTree = "<group>"; };
		F22A3D161D9E0B5C0024376F /* REST.xcdatamodel */ = {isa = PBXFileReference; lastKnownFileType = wrapper.xcdatamodel; path = REST.xcdatamodel; sourceTree = "<group>"; };
		F22A3D181D9E0B5C0024376F /* Assets.xcassets */ = {isa = PBXFileReference; lastKnownFileType = folder.assetcatalog; path = Assets.xcassets; sourceTree = "<group>"; };
		F22A3D1B1D9E0B5C0024376F /* Base */ = {isa = PBXFileReference; lastKnownFileType = file.storyboard; name = Base; path = Base.lproj/LaunchScreen.storyboard; sourceTree = "<group>"; };
		F22A3D1D1D9E0B5C0024376F /* Info.plist */ = {isa = PBXFileReference; lastKnownFileType = text.plist.xml; path = Info.plist; sourceTree = "<group>"; };
		F22A3D221D9E0B5C0024376F /* RESTTests.xctest */ = {isa = PBXFileReference; explicitFileType = wrapper.cfbundle; includeInIndex = 0; path = RESTTests.xctest; sourceTree = BUILT_PRODUCTS_DIR; };
		F22A3D261D9E0B5C0024376F /* RESTTests.m */ = {isa = PBXFileReference; lastKnownFileType = sourcecode.c.objc; path = RESTTests.m; sourceTree = "<group>"; };
		F22A3D281D9E0B5C0024376F /* Info.plist */ = {isa = PBXFileReference; lastKnownFileType = text.plist.xml; path = Info.plist; sourceTree = "<group>"; };
		F22A3D2D1D9E0B5C0024376F /* RESTUITests.xctest */ = {isa = PBXFileReference; explicitFileType = wrapper.cfbundle; includeInIndex = 0; path = RESTUITests.xctest; sourceTree = BUILT_PRODUCTS_DIR; };
		F22A3D311D9E0B5C0024376F /* RESTUITests.m */ = {isa = PBXFileReference; lastKnownFileType = sourcecode.c.objc; path = RESTUITests.m; sourceTree = "<group>"; };
		F22A3D331D9E0B5C0024376F /* Info.plist */ = {isa = PBXFileReference; lastKnownFileType = text.plist.xml; path = Info.plist; sourceTree = "<group>"; };
		F22A3D421D9E0C1D0024376F /* WeatherAPI.h */ = {isa = PBXFileReference; lastKnownFileType = sourcecode.c.h; path = WeatherAPI.h; sourceTree = "<group>"; };
		F22A3D431D9E0C360024376F /* WeatherFetcher.h */ = {isa = PBXFileReference; fileEncoding = 4; lastKnownFileType = sourcecode.c.h; path = WeatherFetcher.h; sourceTree = "<group>"; };
		F22A3D441D9E0C360024376F /* WeatherFetcher.m */ = {isa = PBXFileReference; fileEncoding = 4; lastKnownFileType = sourcecode.c.objc; path = WeatherFetcher.m; sourceTree = "<group>"; };
		F22A3D4F1DA03A6E0024376F /* WeatherDetailTableViewCell.h */ = {isa = PBXFileReference; fileEncoding = 4; lastKnownFileType = sourcecode.c.h; path = WeatherDetailTableViewCell.h; sourceTree = "<group>"; };
		F22A3D501DA03A6E0024376F /* WeatherDetailTableViewCell.m */ = {isa = PBXFileReference; fileEncoding = 4; lastKnownFileType = sourcecode.c.objc; path = WeatherDetailTableViewCell.m; sourceTree = "<group>"; };
		F244980C1DA97F3A00E05BDB /* Day+CoreDataClass.h */ = {isa = PBXFileReference; fileEncoding = 4; lastKnownFileType = sourcecode.c.h; path = "Day+CoreDataClass.h"; sourceTree = "<group>"; };
		F244980D1DA97F3A00E05BDB /* Day+CoreDataClass.m */ = {isa = PBXFileReference; fileEncoding = 4; lastKnownFileType = sourcecode.c.objc; path = "Day+CoreDataClass.m"; sourceTree = "<group>"; };
		F244980E1DA97F3A00E05BDB /* Day+CoreDataProperties.h */ = {isa = PBXFileReference; fileEncoding = 4; lastKnownFileType = sourcecode.c.h; path = "Day+CoreDataProperties.h"; sourceTree = "<group>"; };
		F244980F1DA97F3A00E05BDB /* Day+CoreDataProperties.m */ = {isa = PBXFileReference; fileEncoding = 4; lastKnownFileType = sourcecode.c.objc; path = "Day+CoreDataProperties.m"; sourceTree = "<group>"; };
		F24498101DA97F3A00E05BDB /* Weather+CoreDataClass.h */ = {isa = PBXFileReference; fileEncoding = 4; lastKnownFileType = sourcecode.c.h; path = "Weather+CoreDataClass.h"; sourceTree = "<group>"; };
		F24498111DA97F3A00E05BDB /* Weather+CoreDataClass.m */ = {isa = PBXFileReference; fileEncoding = 4; lastKnownFileType = sourcecode.c.objc; path = "Weather+CoreDataClass.m"; sourceTree = "<group>"; };
		F24498121DA97F3A00E05BDB /* Weather+CoreDataProperties.h */ = {isa = PBXFileReference; fileEncoding = 4; lastKnownFileType = sourcecode.c.h; path = "Weather+CoreDataProperties.h"; sourceTree = "<group>"; };
		F24498131DA97F3A00E05BDB /* Weather+CoreDataProperties.m */ = {isa = PBXFileReference; fileEncoding = 4; lastKnownFileType = sourcecode.c.objc; path = "Weather+CoreDataProperties.m"; sourceTree = "<group>"; };
		F24498141DA97F3A00E05BDB /* City+CoreDataClass.h */ = {isa = PBXFileReference; fileEncoding = 4; lastKnownFileType = sourcecode.c.h; path = "City+CoreDataClass.h"; sourceTree = "<group>"; };
		F24498151DA97F3A00E05BDB /* City+CoreDataClass.m */ = {isa = PBXFileReference; fileEncoding = 4; lastKnownFileType = sourcecode.c.objc; path = "City+CoreDataClass.m"; sourceTree = "<group>"; };
		F24498161DA97F3A00E05BDB /* City+CoreDataProperties.h */ = {isa = PBXFileReference; fileEncoding = 4; lastKnownFileType = sourcecode.c.h; path = "City+CoreDataProperties.h"; sourceTree = "<group>"; };
		F24498171DA97F3A00E05BDB /* City+CoreDataProperties.m */ = {isa = PBXFileReference; fileEncoding = 4; lastKnownFileType = sourcecode.c.objc; path = "City+CoreDataProperties.m"; sourceTree = "<group>"; };
		F24498181DA97F3A00E05BDB /* Hour+CoreDataClass.h */ = {isa = PBXFileReference; fileEncoding = 4; lastKnownFileType = sourcecode.c.h; path = "Hour+CoreDataClass.h"; sourceTree = "<group>"; };
		F24498191DA97F3A00E05BDB /* Hour+CoreDataClass.m */ = {isa = PBXFileReference; fileEncoding = 4; lastKnownFileType = sourcecode.c.objc; path = "Hour+CoreDataClass.m"; sourceTree = "<group>"; };
		F244981A1DA97F3A00E05BDB /* Hour+CoreDataProperties.h */ = {isa = PBXFileReference; fileEncoding = 4; lastKnownFileType = sourcecode.c.h; path = "Hour+CoreDataProperties.h"; sourceTree = "<group>"; };
		F244981B1DA97F3A00E05BDB /* Hour+CoreDataProperties.m */ = {isa = PBXFileReference; fileEncoding = 4; lastKnownFileType = sourcecode.c.objc; path = "Hour+CoreDataProperties.m"; sourceTree = "<group>"; };
		F269F84C1DB6C867009840AC /* SectionHeaderView.xib */ = {isa = PBXFileReference; fileEncoding = 4; lastKnownFileType = file.xib; path = SectionHeaderView.xib; sourceTree = "<group>"; };
		F269F84E1DB6C957009840AC /* CWSectionHeaderView.h */ = {isa = PBXFileReference; fileEncoding = 4; lastKnownFileType = sourcecode.c.h; path = CWSectionHeaderView.h; sourceTree = "<group>"; };
		F269F84F1DB6C957009840AC /* CWSectionHeaderView.m */ = {isa = PBXFileReference; fileEncoding = 4; lastKnownFileType = sourcecode.c.objc; path = CWSectionHeaderView.m; sourceTree = "<group>"; };
		F269F8511DB6FD77009840AC /* Section.h */ = {isa = PBXFileReference; fileEncoding = 4; lastKnownFileType = sourcecode.c.h; path = Section.h; sourceTree = "<group>"; };
		F269F8521DB6FD77009840AC /* Section.m */ = {isa = PBXFileReference; fileEncoding = 4; lastKnownFileType = sourcecode.c.objc; path = Section.m; sourceTree = "<group>"; };
		F269F8541DB816A0009840AC /* WeatherViewController.h */ = {isa = PBXFileReference; fileEncoding = 4; lastKnownFileType = sourcecode.c.h; path = WeatherViewController.h; sourceTree = "<group>"; };
		F269F8551DB816A0009840AC /* WeatherViewController.m */ = {isa = PBXFileReference; fileEncoding = 4; lastKnownFileType = sourcecode.c.objc; path = WeatherViewController.m; sourceTree = "<group>"; };
		F269F85A1DBA7D1F009840AC /* DailyWeatherHelper.h */ = {isa = PBXFileReference; fileEncoding = 4; lastKnownFileType = sourcecode.c.h; path = DailyWeatherHelper.h; sourceTree = "<group>"; };
		F269F85B1DBA7D1F009840AC /* DailyWeatherHelper.m */ = {isa = PBXFileReference; fileEncoding = 4; lastKnownFileType = sourcecode.c.objc; path = DailyWeatherHelper.m; sourceTree = "<group>"; };
		F27228151DBC219A00B183CD /* CoreLocation.framework */ = {isa = PBXFileReference; lastKnownFileType = wrapper.framework; name = CoreLocation.framework; path = System/Library/Frameworks/CoreLocation.framework; sourceTree = SDKROOT; };
		F27228171DBC222900B183CD /* MobileCoreServices.framework */ = {isa = PBXFileReference; lastKnownFileType = wrapper.framework; name = MobileCoreServices.framework; path = System/Library/Frameworks/MobileCoreServices.framework; sourceTree = SDKROOT; };
		F27228191DBC30EF00B183CD /* WeatherURLS.h */ = {isa = PBXFileReference; fileEncoding = 4; lastKnownFileType = sourcecode.c.h; path = WeatherURLS.h; sourceTree = "<group>"; };
		F272281A1DBC30EF00B183CD /* WeatherURLS.m */ = {isa = PBXFileReference; fileEncoding = 4; lastKnownFileType = sourcecode.c.objc; path = WeatherURLS.m; sourceTree = "<group>"; };
		F2889FC01DBA80F500705560 /* DailyWeatherHelper+Formats.h */ = {isa = PBXFileReference; fileEncoding = 4; lastKnownFileType = sourcecode.c.h; path = "DailyWeatherHelper+Formats.h"; sourceTree = "<group>"; };
		F2889FC11DBA80F500705560 /* DailyWeatherHelper+Formats.m */ = {isa = PBXFileReference; fileEncoding = 4; lastKnownFileType = sourcecode.c.objc; path = "DailyWeatherHelper+Formats.m"; sourceTree = "<group>"; };
		F2A15F7B1DAA84A600480F9A /* ForecastWeatherHelper.h */ = {isa = PBXFileReference; fileEncoding = 4; lastKnownFileType = sourcecode.c.h; path = ForecastWeatherHelper.h; sourceTree = "<group>"; };
		F2A15F7C1DAA84A600480F9A /* ForecastWeatherHelper.m */ = {isa = PBXFileReference; fileEncoding = 4; lastKnownFileType = sourcecode.c.objc; path = ForecastWeatherHelper.m; sourceTree = "<group>"; };
		F2A15F7E1DAA933100480F9A /* Forecast+CoreDataClass.h */ = {isa = PBXFileReference; fileEncoding = 4; lastKnownFileType = sourcecode.c.h; path = "Forecast+CoreDataClass.h"; sourceTree = "<group>"; };
		F2A15F7F1DAA933100480F9A /* Forecast+CoreDataClass.m */ = {isa = PBXFileReference; fileEncoding = 4; lastKnownFileType = sourcecode.c.objc; path = "Forecast+CoreDataClass.m"; sourceTree = "<group>"; };
		F2A15F801DAA933100480F9A /* Forecast+CoreDataProperties.h */ = {isa = PBXFileReference; fileEncoding = 4; lastKnownFileType = sourcecode.c.h; path = "Forecast+CoreDataProperties.h"; sourceTree = "<group>"; };
		F2A15F811DAA933100480F9A /* Forecast+CoreDataProperties.m */ = {isa = PBXFileReference; fileEncoding = 4; lastKnownFileType = sourcecode.c.objc; path = "Forecast+CoreDataProperties.m"; sourceTree = "<group>"; };
		F2A15F841DAB189800480F9A /* ForecastWeatherHelper+Formats.h */ = {isa = PBXFileReference; fileEncoding = 4; lastKnownFileType = sourcecode.c.h; path = "ForecastWeatherHelper+Formats.h"; sourceTree = "<group>"; };
		F2A15F851DAB189800480F9A /* ForecastWeatherHelper+Formats.m */ = {isa = PBXFileReference; fileEncoding = 4; lastKnownFileType = sourcecode.c.objc; path = "ForecastWeatherHelper+Formats.m"; sourceTree = "<group>"; };
		F2B823BD1DB03EB0004F6768 /* CurrentWeatherViewController.h */ = {isa = PBXFileReference; fileEncoding = 4; lastKnownFileType = sourcecode.c.h; path = CurrentWeatherViewController.h; sourceTree = "<group>"; };
		F2B823BE1DB03EB0004F6768 /* CurrentWeatherViewController.m */ = {isa = PBXFileReference; fileEncoding = 4; lastKnownFileType = sourcecode.c.objc; path = CurrentWeatherViewController.m; sourceTree = "<group>"; };
		F2F20DAD1DB5C5EC00768CBB /* WeatherHelper.h */ = {isa = PBXFileReference; fileEncoding = 4; lastKnownFileType = sourcecode.c.h; path = WeatherHelper.h; sourceTree = "<group>"; };
		F2F20DAE1DB5C5EC00768CBB /* WeatherHelper.m */ = {isa = PBXFileReference; fileEncoding = 4; lastKnownFileType = sourcecode.c.objc; path = WeatherHelper.m; sourceTree = "<group>"; };
		F2F20DB01DB5C8A700768CBB /* CurrentWeatherHelper.h */ = {isa = PBXFileReference; fileEncoding = 4; lastKnownFileType = sourcecode.c.h; path = CurrentWeatherHelper.h; sourceTree = "<group>"; };
		F2F20DB11DB5C8A700768CBB /* CurrentWeatherHelper.m */ = {isa = PBXFileReference; fileEncoding = 4; lastKnownFileType = sourcecode.c.objc; path = CurrentWeatherHelper.m; sourceTree = "<group>"; };
		F2F20DB31DB5CBC200768CBB /* CurrentWeatherHelper+Formats.h */ = {isa = PBXFileReference; fileEncoding = 4; lastKnownFileType = sourcecode.c.h; path = "CurrentWeatherHelper+Formats.h"; sourceTree = "<group>"; };
		F2F20DB41DB5CBC200768CBB /* CurrentWeatherHelper+Formats.m */ = {isa = PBXFileReference; fileEncoding = 4; lastKnownFileType = sourcecode.c.objc; path = "CurrentWeatherHelper+Formats.m"; sourceTree = "<group>"; };
		FCA30C8C9E527F8147161D8F /* libPods-REST.a */ = {isa = PBXFileReference; explicitFileType = archive.ar; includeInIndex = 0; path = "libPods-REST.a"; sourceTree = BUILT_PRODUCTS_DIR; };
/* End PBXFileReference section */

/* Begin PBXFrameworksBuildPhase section */
		F22A3D031D9E0B5C0024376F /* Frameworks */ = {
			isa = PBXFrameworksBuildPhase;
			buildActionMask = 2147483647;
			files = (
				F27228161DBC219A00B183CD /* CoreLocation.framework in Frameworks */,
				3AB3E57FF441606F33F73669 /* libPods-REST.a in Frameworks */,
			);
			runOnlyForDeploymentPostprocessing = 0;
		};
		F22A3D1F1D9E0B5C0024376F /* Frameworks */ = {
			isa = PBXFrameworksBuildPhase;
			buildActionMask = 2147483647;
			files = (
			);
			runOnlyForDeploymentPostprocessing = 0;
		};
		F22A3D2A1D9E0B5C0024376F /* Frameworks */ = {
			isa = PBXFrameworksBuildPhase;
			buildActionMask = 2147483647;
			files = (
			);
			runOnlyForDeploymentPostprocessing = 0;
		};
/* End PBXFrameworksBuildPhase section */

/* Begin PBXGroup section */
		36303276B94E4DFA9850209D /* Pods */ = {
			isa = PBXGroup;
			children = (
				5AC7E4EF06DF4AF60C8EB7F1 /* Pods-REST.debug.xcconfig */,
				31A7C4836011BA8CC3C22DFE /* Pods-REST.release.xcconfig */,
			);
			name = Pods;
			sourceTree = "<group>";
		};
		EE821E5BACD986D24C5B11BC /* Frameworks */ = {
			isa = PBXGroup;
			children = (
				F27228171DBC222900B183CD /* MobileCoreServices.framework */,
				F27228151DBC219A00B183CD /* CoreLocation.framework */,
				FCA30C8C9E527F8147161D8F /* libPods-REST.a */,
			);
			name = Frameworks;
			sourceTree = "<group>";
		};
		F204E2EE1DA9545700493A28 /* Core Data */ = {
			isa = PBXGroup;
			children = (
				F22A3D151D9E0B5C0024376F /* REST.xcdatamodeld */,
				F24498141DA97F3A00E05BDB /* City+CoreDataClass.h */,
				F24498151DA97F3A00E05BDB /* City+CoreDataClass.m */,
				F24498161DA97F3A00E05BDB /* City+CoreDataProperties.h */,
				F24498171DA97F3A00E05BDB /* City+CoreDataProperties.m */,
				F2A15F7E1DAA933100480F9A /* Forecast+CoreDataClass.h */,
				F2A15F7F1DAA933100480F9A /* Forecast+CoreDataClass.m */,
				F2A15F801DAA933100480F9A /* Forecast+CoreDataProperties.h */,
				F2A15F811DAA933100480F9A /* Forecast+CoreDataProperties.m */,
				F244980C1DA97F3A00E05BDB /* Day+CoreDataClass.h */,
				F244980D1DA97F3A00E05BDB /* Day+CoreDataClass.m */,
				F244980E1DA97F3A00E05BDB /* Day+CoreDataProperties.h */,
				F244980F1DA97F3A00E05BDB /* Day+CoreDataProperties.m */,
				F24498181DA97F3A00E05BDB /* Hour+CoreDataClass.h */,
				F24498191DA97F3A00E05BDB /* Hour+CoreDataClass.m */,
				F244981A1DA97F3A00E05BDB /* Hour+CoreDataProperties.h */,
				F244981B1DA97F3A00E05BDB /* Hour+CoreDataProperties.m */,
				F24498101DA97F3A00E05BDB /* Weather+CoreDataClass.h */,
				F24498111DA97F3A00E05BDB /* Weather+CoreDataClass.m */,
				F24498121DA97F3A00E05BDB /* Weather+CoreDataProperties.h */,
				F24498131DA97F3A00E05BDB /* Weather+CoreDataProperties.m */,
			);
			name = "Core Data";
			sourceTree = "<group>";
		};
		F22A3CFD1D9E0B5C0024376F = {
			isa = PBXGroup;
			children = (
				F22A3D081D9E0B5C0024376F /* REST */,
				F22A3D251D9E0B5C0024376F /* RESTTests */,
				F22A3D301D9E0B5C0024376F /* RESTUITests */,
				F22A3D071D9E0B5C0024376F /* Products */,
				36303276B94E4DFA9850209D /* Pods */,
				EE821E5BACD986D24C5B11BC /* Frameworks */,
			);
			sourceTree = "<group>";
		};
		F22A3D071D9E0B5C0024376F /* Products */ = {
			isa = PBXGroup;
			children = (
				F22A3D061D9E0B5C0024376F /* REST.app */,
				F22A3D221D9E0B5C0024376F /* RESTTests.xctest */,
				F22A3D2D1D9E0B5C0024376F /* RESTUITests.xctest */,
			);
			name = Products;
			sourceTree = "<group>";
		};
		F22A3D081D9E0B5C0024376F /* REST */ = {
			isa = PBXGroup;
			children = (
				F269F8541DB816A0009840AC /* WeatherViewController.h */,
				F269F8551DB816A0009840AC /* WeatherViewController.m */,
				F272281C1DBC4A8600B183CD /* Model */,
				F22A3D531DA13EB50024376F /* View */,
				F22A3D521DA13E840024376F /* ViewControllers */,
				F272281D1DBC4AA100B183CD /* Fetcher */,
				F22A3D541DA13EBB0024376F /* Helpers */,
				F204E2EE1DA9545700493A28 /* Core Data */,
				F22A3D181D9E0B5C0024376F /* Assets.xcassets */,
				F22A3D1A1D9E0B5C0024376F /* LaunchScreen.storyboard */,
				F22A3D1D1D9E0B5C0024376F /* Info.plist */,
				F22A3D091D9E0B5C0024376F /* Supporting Files */,
			);
			path = REST;
			sourceTree = "<group>";
		};
		F22A3D091D9E0B5C0024376F /* Supporting Files */ = {
			isa = PBXGroup;
			children = (
				F22A3D0C1D9E0B5C0024376F /* AppDelegate.h */,
				F22A3D0D1D9E0B5C0024376F /* AppDelegate.m */,
				F22A3D0A1D9E0B5C0024376F /* main.m */,
			);
			name = "Supporting Files";
			sourceTree = "<group>";
		};
		F22A3D251D9E0B5C0024376F /* RESTTests */ = {
			isa = PBXGroup;
			children = (
				F22A3D261D9E0B5C0024376F /* RESTTests.m */,
				F22A3D281D9E0B5C0024376F /* Info.plist */,
			);
			path = RESTTests;
			sourceTree = "<group>";
		};
		F22A3D301D9E0B5C0024376F /* RESTUITests */ = {
			isa = PBXGroup;
			children = (
				F22A3D311D9E0B5C0024376F /* RESTUITests.m */,
				F22A3D331D9E0B5C0024376F /* Info.plist */,
			);
			path = RESTUITests;
			sourceTree = "<group>";
		};
		F22A3D521DA13E840024376F /* ViewControllers */ = {
			isa = PBXGroup;
			children = (
				F2B823BD1DB03EB0004F6768 /* CurrentWeatherViewController.h */,
				F2B823BE1DB03EB0004F6768 /* CurrentWeatherViewController.m */,
				F269F84E1DB6C957009840AC /* CWSectionHeaderView.h */,
				F269F84F1DB6C957009840AC /* CWSectionHeaderView.m */,
				F22A3D4F1DA03A6E0024376F /* WeatherDetailTableViewCell.h */,
				F22A3D501DA03A6E0024376F /* WeatherDetailTableViewCell.m */,
			);
			name = ViewControllers;
			sourceTree = "<group>";
		};
		F22A3D531DA13EB50024376F /* View */ = {
			isa = PBXGroup;
			children = (
				F22A3D121D9E0B5C0024376F /* Main.storyboard */,
				F269F84C1DB6C867009840AC /* SectionHeaderView.xib */,
			);
			name = View;
			sourceTree = "<group>";
		};
		F22A3D541DA13EBB0024376F /* Helpers */ = {
			isa = PBXGroup;
			children = (
				F2F20DAD1DB5C5EC00768CBB /* WeatherHelper.h */,
				F2F20DAE1DB5C5EC00768CBB /* WeatherHelper.m */,
				F2889FCF1DBAD8A600705560 /* CurrentWeather */,
				F2889FD01DBAD8D000705560 /* DailyWeather */,
				F2889FD11DBAD8E000705560 /* HourlyWeather */,
			);
			name = Helpers;
			sourceTree = "<group>";
		};
		F272281C1DBC4A8600B183CD /* Model */ = {
			isa = PBXGroup;
			children = (
				F269F8511DB6FD77009840AC /* Section.h */,
				F269F8521DB6FD77009840AC /* Section.m */,
			);
			name = Model;
			sourceTree = "<group>";
		};
		F272281D1DBC4AA100B183CD /* Fetcher */ = {
			isa = PBXGroup;
			children = (
				F22A3D421D9E0C1D0024376F /* WeatherAPI.h */,
				F27228191DBC30EF00B183CD /* WeatherURLS.h */,
				F272281A1DBC30EF00B183CD /* WeatherURLS.m */,
				F22A3D431D9E0C360024376F /* WeatherFetcher.h */,
				F22A3D441D9E0C360024376F /* WeatherFetcher.m */,
			);
			name = Fetcher;
			sourceTree = "<group>";
		};
		F2889FCF1DBAD8A600705560 /* CurrentWeather */ = {
			isa = PBXGroup;
			children = (
				F2F20DB01DB5C8A700768CBB /* CurrentWeatherHelper.h */,
				F2F20DB11DB5C8A700768CBB /* CurrentWeatherHelper.m */,
				F2F20DB31DB5CBC200768CBB /* CurrentWeatherHelper+Formats.h */,
				F2F20DB41DB5CBC200768CBB /* CurrentWeatherHelper+Formats.m */,
			);
			name = CurrentWeather;
			sourceTree = "<group>";
		};
		F2889FD01DBAD8D000705560 /* DailyWeather */ = {
			isa = PBXGroup;
			children = (
				F269F85A1DBA7D1F009840AC /* DailyWeatherHelper.h */,
				F269F85B1DBA7D1F009840AC /* DailyWeatherHelper.m */,
				F2889FC01DBA80F500705560 /* DailyWeatherHelper+Formats.h */,
				F2889FC11DBA80F500705560 /* DailyWeatherHelper+Formats.m */,
			);
			name = DailyWeather;
			sourceTree = "<group>";
		};
		F2889FD11DBAD8E000705560 /* HourlyWeather */ = {
			isa = PBXGroup;
			children = (
				F2A15F7B1DAA84A600480F9A /* ForecastWeatherHelper.h */,
				F2A15F7C1DAA84A600480F9A /* ForecastWeatherHelper.m */,
				F2A15F841DAB189800480F9A /* ForecastWeatherHelper+Formats.h */,
				F2A15F851DAB189800480F9A /* ForecastWeatherHelper+Formats.m */,
			);
			name = HourlyWeather;
			sourceTree = "<group>";
		};
/* End PBXGroup section */

/* Begin PBXNativeTarget section */
		F22A3D051D9E0B5C0024376F /* REST */ = {
			isa = PBXNativeTarget;
			buildConfigurationList = F22A3D361D9E0B5C0024376F /* Build configuration list for PBXNativeTarget "REST" */;
			buildPhases = (
				C7E3E64322399B72F42BC5A4 /* [CP] Check Pods Manifest.lock */,
				F22A3D021D9E0B5C0024376F /* Sources */,
				F22A3D031D9E0B5C0024376F /* Frameworks */,
				F22A3D041D9E0B5C0024376F /* Resources */,
				D6EA8E01ED18830B4E55CBDA /* [CP] Embed Pods Frameworks */,
				7F944294ABDE3B843E64665C /* [CP] Copy Pods Resources */,
			);
			buildRules = (
			);
			dependencies = (
			);
			name = REST;
			productName = REST;
			productReference = F22A3D061D9E0B5C0024376F /* REST.app */;
			productType = "com.apple.product-type.application";
		};
		F22A3D211D9E0B5C0024376F /* RESTTests */ = {
			isa = PBXNativeTarget;
			buildConfigurationList = F22A3D391D9E0B5C0024376F /* Build configuration list for PBXNativeTarget "RESTTests" */;
			buildPhases = (
				F22A3D1E1D9E0B5C0024376F /* Sources */,
				F22A3D1F1D9E0B5C0024376F /* Frameworks */,
				F22A3D201D9E0B5C0024376F /* Resources */,
			);
			buildRules = (
			);
			dependencies = (
				F22A3D241D9E0B5C0024376F /* PBXTargetDependency */,
			);
			name = RESTTests;
			productName = RESTTests;
			productReference = F22A3D221D9E0B5C0024376F /* RESTTests.xctest */;
			productType = "com.apple.product-type.bundle.unit-test";
		};
		F22A3D2C1D9E0B5C0024376F /* RESTUITests */ = {
			isa = PBXNativeTarget;
			buildConfigurationList = F22A3D3C1D9E0B5C0024376F /* Build configuration list for PBXNativeTarget "RESTUITests" */;
			buildPhases = (
				F22A3D291D9E0B5C0024376F /* Sources */,
				F22A3D2A1D9E0B5C0024376F /* Frameworks */,
				F22A3D2B1D9E0B5C0024376F /* Resources */,
			);
			buildRules = (
			);
			dependencies = (
				F22A3D2F1D9E0B5C0024376F /* PBXTargetDependency */,
			);
			name = RESTUITests;
			productName = RESTUITests;
			productReference = F22A3D2D1D9E0B5C0024376F /* RESTUITests.xctest */;
			productType = "com.apple.product-type.bundle.ui-testing";
		};
/* End PBXNativeTarget section */

/* Begin PBXProject section */
		F22A3CFE1D9E0B5C0024376F /* Project object */ = {
			isa = PBXProject;
			attributes = {
				LastUpgradeCheck = 0800;
				ORGANIZATIONNAME = Graycode;
				TargetAttributes = {
					F22A3D051D9E0B5C0024376F = {
						CreatedOnToolsVersion = 8.0;
						DevelopmentTeam = JYXR948UZ7;
						ProvisioningStyle = Automatic;
					};
					F22A3D211D9E0B5C0024376F = {
						CreatedOnToolsVersion = 8.0;
						ProvisioningStyle = Automatic;
						TestTargetID = F22A3D051D9E0B5C0024376F;
					};
					F22A3D2C1D9E0B5C0024376F = {
						CreatedOnToolsVersion = 8.0;
						ProvisioningStyle = Automatic;
						TestTargetID = F22A3D051D9E0B5C0024376F;
					};
				};
			};
			buildConfigurationList = F22A3D011D9E0B5C0024376F /* Build configuration list for PBXProject "REST" */;
			compatibilityVersion = "Xcode 3.2";
			developmentRegion = English;
			hasScannedForEncodings = 0;
			knownRegions = (
				en,
				Base,
			);
			mainGroup = F22A3CFD1D9E0B5C0024376F;
			productRefGroup = F22A3D071D9E0B5C0024376F /* Products */;
			projectDirPath = "";
			projectRoot = "";
			targets = (
				F22A3D051D9E0B5C0024376F /* REST */,
				F22A3D211D9E0B5C0024376F /* RESTTests */,
				F22A3D2C1D9E0B5C0024376F /* RESTUITests */,
			);
		};
/* End PBXProject section */

/* Begin PBXResourcesBuildPhase section */
		F22A3D041D9E0B5C0024376F /* Resources */ = {
			isa = PBXResourcesBuildPhase;
			buildActionMask = 2147483647;
			files = (
				F22A3D1C1D9E0B5C0024376F /* LaunchScreen.storyboard in Resources */,
				F22A3D191D9E0B5C0024376F /* Assets.xcassets in Resources */,
				F22A3D141D9E0B5C0024376F /* Main.storyboard in Resources */,
				F269F84D1DB6C867009840AC /* SectionHeaderView.xib in Resources */,
			);
			runOnlyForDeploymentPostprocessing = 0;
		};
		F22A3D201D9E0B5C0024376F /* Resources */ = {
			isa = PBXResourcesBuildPhase;
			buildActionMask = 2147483647;
			files = (
			);
			runOnlyForDeploymentPostprocessing = 0;
		};
		F22A3D2B1D9E0B5C0024376F /* Resources */ = {
			isa = PBXResourcesBuildPhase;
			buildActionMask = 2147483647;
			files = (
			);
			runOnlyForDeploymentPostprocessing = 0;
		};
/* End PBXResourcesBuildPhase section */

/* Begin PBXShellScriptBuildPhase section */
		7F944294ABDE3B843E64665C /* [CP] Copy Pods Resources */ = {
			isa = PBXShellScriptBuildPhase;
			buildActionMask = 2147483647;
			files = (
			);
			inputPaths = (
			);
			name = "[CP] Copy Pods Resources";
			outputPaths = (
			);
			runOnlyForDeploymentPostprocessing = 0;
			shellPath = /bin/sh;
			shellScript = "\"${SRCROOT}/Pods/Target Support Files/Pods-REST/Pods-REST-resources.sh\"\n";
			showEnvVarsInLog = 0;
		};
		C7E3E64322399B72F42BC5A4 /* [CP] Check Pods Manifest.lock */ = {
			isa = PBXShellScriptBuildPhase;
			buildActionMask = 2147483647;
			files = (
			);
			inputPaths = (
			);
			name = "[CP] Check Pods Manifest.lock";
			outputPaths = (
			);
			runOnlyForDeploymentPostprocessing = 0;
			shellPath = /bin/sh;
			shellScript = "diff \"${PODS_ROOT}/../Podfile.lock\" \"${PODS_ROOT}/Manifest.lock\" > /dev/null\nif [[ $? != 0 ]] ; then\n    cat << EOM\nerror: The sandbox is not in sync with the Podfile.lock. Run 'pod install' or update your CocoaPods installation.\nEOM\n    exit 1\nfi\n";
			showEnvVarsInLog = 0;
		};
		D6EA8E01ED18830B4E55CBDA /* [CP] Embed Pods Frameworks */ = {
			isa = PBXShellScriptBuildPhase;
			buildActionMask = 2147483647;
			files = (
			);
			inputPaths = (
			);
			name = "[CP] Embed Pods Frameworks";
			outputPaths = (
			);
			runOnlyForDeploymentPostprocessing = 0;
			shellPath = /bin/sh;
			shellScript = "\"${SRCROOT}/Pods/Target Support Files/Pods-REST/Pods-REST-frameworks.sh\"\n";
			showEnvVarsInLog = 0;
		};
/* End PBXShellScriptBuildPhase section */

/* Begin PBXSourcesBuildPhase section */
		F22A3D021D9E0B5C0024376F /* Sources */ = {
			isa = PBXSourcesBuildPhase;
			buildActionMask = 2147483647;
			files = (
				F269F85C1DBA7D1F009840AC /* DailyWeatherHelper.m in Sources */,
				F24498201DA97F3A00E05BDB /* City+CoreDataClass.m in Sources */,
				F2A15F7D1DAA84A600480F9A /* ForecastWeatherHelper.m in Sources */,
				F244981C1DA97F3A00E05BDB /* Day+CoreDataClass.m in Sources */,
				F24498221DA97F3A00E05BDB /* Hour+CoreDataClass.m in Sources */,
				F244981D1DA97F3A00E05BDB /* Day+CoreDataProperties.m in Sources */,
				F22A3D451D9E0C360024376F /* WeatherFetcher.m in Sources */,
				F24498211DA97F3A00E05BDB /* City+CoreDataProperties.m in Sources */,
				F22A3D0E1D9E0B5C0024376F /* AppDelegate.m in Sources */,
				F269F8501DB6C957009840AC /* CWSectionHeaderView.m in Sources */,
				F2B823BF1DB03EB0004F6768 /* CurrentWeatherViewController.m in Sources */,
				F2A15F831DAA933100480F9A /* Forecast+CoreDataProperties.m in Sources */,
				F2F20DAF1DB5C5EC00768CBB /* WeatherHelper.m in Sources */,
				F2F20DB21DB5C8A700768CBB /* CurrentWeatherHelper.m in Sources */,
				F2A15F821DAA933100480F9A /* Forecast+CoreDataClass.m in Sources */,
				F24498231DA97F3A00E05BDB /* Hour+CoreDataProperties.m in Sources */,
				F22A3D0B1D9E0B5C0024376F /* main.m in Sources */,
				F2F20DB51DB5CBC200768CBB /* CurrentWeatherHelper+Formats.m in Sources */,
				F269F8531DB6FD77009840AC /* Section.m in Sources */,
				F2889FC21DBA80F500705560 /* DailyWeatherHelper+Formats.m in Sources */,
				F269F8561DB816A0009840AC /* WeatherViewController.m in Sources */,
				F22A3D511DA03A6E0024376F /* WeatherDetailTableViewCell.m in Sources */,
				F244981E1DA97F3A00E05BDB /* Weather+CoreDataClass.m in Sources */,
				F2A15F861DAB189800480F9A /* ForecastWeatherHelper+Formats.m in Sources */,
				F244981F1DA97F3A00E05BDB /* Weather+CoreDataProperties.m in Sources */,
				F272281B1DBC30EF00B183CD /* WeatherURLS.m in Sources */,
				F22A3D171D9E0B5C0024376F /* REST.xcdatamodeld in Sources */,
			);
			runOnlyForDeploymentPostprocessing = 0;
		};
		F22A3D1E1D9E0B5C0024376F /* Sources */ = {
			isa = PBXSourcesBuildPhase;
			buildActionMask = 2147483647;
			files = (
				F22A3D271D9E0B5C0024376F /* RESTTests.m in Sources */,
			);
			runOnlyForDeploymentPostprocessing = 0;
		};
		F22A3D291D9E0B5C0024376F /* Sources */ = {
			isa = PBXSourcesBuildPhase;
			buildActionMask = 2147483647;
			files = (
				F22A3D321D9E0B5C0024376F /* RESTUITests.m in Sources */,
			);
			runOnlyForDeploymentPostprocessing = 0;
		};
/* End PBXSourcesBuildPhase section */

/* Begin PBXTargetDependency section */
		F22A3D241D9E0B5C0024376F /* PBXTargetDependency */ = {
			isa = PBXTargetDependency;
			target = F22A3D051D9E0B5C0024376F /* REST */;
			targetProxy = F22A3D231D9E0B5C0024376F /* PBXContainerItemProxy */;
		};
		F22A3D2F1D9E0B5C0024376F /* PBXTargetDependency */ = {
			isa = PBXTargetDependency;
			target = F22A3D051D9E0B5C0024376F /* REST */;
			targetProxy = F22A3D2E1D9E0B5C0024376F /* PBXContainerItemProxy */;
		};
/* End PBXTargetDependency section */

/* Begin PBXVariantGroup section */
		F22A3D121D9E0B5C0024376F /* Main.storyboard */ = {
			isa = PBXVariantGroup;
			children = (
				F22A3D131D9E0B5C0024376F /* Base */,
			);
			name = Main.storyboard;
			sourceTree = "<group>";
		};
		F22A3D1A1D9E0B5C0024376F /* LaunchScreen.storyboard */ = {
			isa = PBXVariantGroup;
			children = (
				F22A3D1B1D9E0B5C0024376F /* Base */,
			);
			name = LaunchScreen.storyboard;
			sourceTree = "<group>";
		};
/* End PBXVariantGroup section */

/* Begin XCBuildConfiguration section */
		F22A3D341D9E0B5C0024376F /* Debug */ = {
			isa = XCBuildConfiguration;
			buildSettings = {
				ALWAYS_SEARCH_USER_PATHS = NO;
				CLANG_ANALYZER_NONNULL = YES;
				CLANG_CXX_LANGUAGE_STANDARD = "gnu++0x";
				CLANG_CXX_LIBRARY = "libc++";
				CLANG_ENABLE_MODULES = YES;
				CLANG_ENABLE_OBJC_ARC = YES;
				CLANG_WARN_BOOL_CONVERSION = YES;
				CLANG_WARN_CONSTANT_CONVERSION = YES;
				CLANG_WARN_DIRECT_OBJC_ISA_USAGE = YES_ERROR;
				CLANG_WARN_DOCUMENTATION_COMMENTS = YES;
				CLANG_WARN_EMPTY_BODY = YES;
				CLANG_WARN_ENUM_CONVERSION = YES;
				CLANG_WARN_INFINITE_RECURSION = YES;
				CLANG_WARN_INT_CONVERSION = YES;
				CLANG_WARN_OBJC_ROOT_CLASS = YES_ERROR;
				CLANG_WARN_SUSPICIOUS_MOVES = YES;
				CLANG_WARN_UNREACHABLE_CODE = YES;
				CLANG_WARN__DUPLICATE_METHOD_MATCH = YES;
				"CODE_SIGN_IDENTITY[sdk=iphoneos*]" = "iPhone Developer";
				COPY_PHASE_STRIP = NO;
				DEBUG_INFORMATION_FORMAT = dwarf;
				ENABLE_STRICT_OBJC_MSGSEND = YES;
				ENABLE_TESTABILITY = YES;
				GCC_C_LANGUAGE_STANDARD = gnu99;
				GCC_DYNAMIC_NO_PIC = NO;
				GCC_NO_COMMON_BLOCKS = YES;
				GCC_OPTIMIZATION_LEVEL = 0;
				GCC_PREPROCESSOR_DEFINITIONS = (
					"DEBUG=1",
					"$(inherited)",
				);
				GCC_WARN_64_TO_32_BIT_CONVERSION = YES;
				GCC_WARN_ABOUT_RETURN_TYPE = YES_ERROR;
				GCC_WARN_UNDECLARED_SELECTOR = YES;
				GCC_WARN_UNINITIALIZED_AUTOS = YES_AGGRESSIVE;
				GCC_WARN_UNUSED_FUNCTION = YES;
				GCC_WARN_UNUSED_VARIABLE = YES;
				IPHONEOS_DEPLOYMENT_TARGET = 10.0;
				MTL_ENABLE_DEBUG_INFO = YES;
				ONLY_ACTIVE_ARCH = YES;
				SDKROOT = iphoneos;
				TARGETED_DEVICE_FAMILY = "1,2";
			};
			name = Debug;
		};
		F22A3D351D9E0B5C0024376F /* Release */ = {
			isa = XCBuildConfiguration;
			buildSettings = {
				ALWAYS_SEARCH_USER_PATHS = NO;
				CLANG_ANALYZER_NONNULL = YES;
				CLANG_CXX_LANGUAGE_STANDARD = "gnu++0x";
				CLANG_CXX_LIBRARY = "libc++";
				CLANG_ENABLE_MODULES = YES;
				CLANG_ENABLE_OBJC_ARC = YES;
				CLANG_WARN_BOOL_CONVERSION = YES;
				CLANG_WARN_CONSTANT_CONVERSION = YES;
				CLANG_WARN_DIRECT_OBJC_ISA_USAGE = YES_ERROR;
				CLANG_WARN_DOCUMENTATION_COMMENTS = YES;
				CLANG_WARN_EMPTY_BODY = YES;
				CLANG_WARN_ENUM_CONVERSION = YES;
				CLANG_WARN_INFINITE_RECURSION = YES;
				CLANG_WARN_INT_CONVERSION = YES;
				CLANG_WARN_OBJC_ROOT_CLASS = YES_ERROR;
				CLANG_WARN_SUSPICIOUS_MOVES = YES;
				CLANG_WARN_UNREACHABLE_CODE = YES;
				CLANG_WARN__DUPLICATE_METHOD_MATCH = YES;
				"CODE_SIGN_IDENTITY[sdk=iphoneos*]" = "iPhone Developer";
				COPY_PHASE_STRIP = NO;
				DEBUG_INFORMATION_FORMAT = "dwarf-with-dsym";
				ENABLE_NS_ASSERTIONS = NO;
				ENABLE_STRICT_OBJC_MSGSEND = YES;
				GCC_C_LANGUAGE_STANDARD = gnu99;
				GCC_NO_COMMON_BLOCKS = YES;
				GCC_WARN_64_TO_32_BIT_CONVERSION = YES;
				GCC_WARN_ABOUT_RETURN_TYPE = YES_ERROR;
				GCC_WARN_UNDECLARED_SELECTOR = YES;
				GCC_WARN_UNINITIALIZED_AUTOS = YES_AGGRESSIVE;
				GCC_WARN_UNUSED_FUNCTION = YES;
				GCC_WARN_UNUSED_VARIABLE = YES;
				IPHONEOS_DEPLOYMENT_TARGET = 10.0;
				MTL_ENABLE_DEBUG_INFO = NO;
				SDKROOT = iphoneos;
				TARGETED_DEVICE_FAMILY = "1,2";
				VALIDATE_PRODUCT = YES;
			};
			name = Release;
		};
		F22A3D371D9E0B5C0024376F /* Debug */ = {
			isa = XCBuildConfiguration;
			baseConfigurationReference = 5AC7E4EF06DF4AF60C8EB7F1 /* Pods-REST.debug.xcconfig */;
			buildSettings = {
				ASSETCATALOG_COMPILER_APPICON_NAME = AppIcon;
				DEVELOPMENT_TEAM = JYXR948UZ7;
				INFOPLIST_FILE = REST/Info.plist;
				IPHONEOS_DEPLOYMENT_TARGET = 10.0;
				LD_RUNPATH_SEARCH_PATHS = "$(inherited) @executable_path/Frameworks";
				PRODUCT_BUNDLE_IDENTIFIER = edu.standford.cs193p.graycode.REST;
				PRODUCT_NAME = "$(TARGET_NAME)";
			};
			name = Debug;
		};
		F22A3D381D9E0B5C0024376F /* Release */ = {
			isa = XCBuildConfiguration;
			baseConfigurationReference = 31A7C4836011BA8CC3C22DFE /* Pods-REST.release.xcconfig */;
			buildSettings = {
				ASSETCATALOG_COMPILER_APPICON_NAME = AppIcon;
				DEVELOPMENT_TEAM = JYXR948UZ7;
				INFOPLIST_FILE = REST/Info.plist;
				IPHONEOS_DEPLOYMENT_TARGET = 10.0;
				LD_RUNPATH_SEARCH_PATHS = "$(inherited) @executable_path/Frameworks";
				PRODUCT_BUNDLE_IDENTIFIER = edu.standford.cs193p.graycode.REST;
				PRODUCT_NAME = "$(TARGET_NAME)";
			};
			name = Release;
		};
		F22A3D3A1D9E0B5C0024376F /* Debug */ = {
			isa = XCBuildConfiguration;
			buildSettings = {
				BUNDLE_LOADER = "$(TEST_HOST)";
				INFOPLIST_FILE = RESTTests/Info.plist;
				LD_RUNPATH_SEARCH_PATHS = "$(inherited) @executable_path/Frameworks @loader_path/Frameworks";
				PRODUCT_BUNDLE_IDENTIFIER = edu.standford.cs193p.graycode.RESTTests;
				PRODUCT_NAME = "$(TARGET_NAME)";
				TEST_HOST = "$(BUILT_PRODUCTS_DIR)/REST.app/REST";
			};
			name = Debug;
		};
		F22A3D3B1D9E0B5C0024376F /* Release */ = {
			isa = XCBuildConfiguration;
			buildSettings = {
				BUNDLE_LOADER = "$(TEST_HOST)";
				INFOPLIST_FILE = RESTTests/Info.plist;
				LD_RUNPATH_SEARCH_PATHS = "$(inherited) @executable_path/Frameworks @loader_path/Frameworks";
				PRODUCT_BUNDLE_IDENTIFIER = edu.standford.cs193p.graycode.RESTTests;
				PRODUCT_NAME = "$(TARGET_NAME)";
				TEST_HOST = "$(BUILT_PRODUCTS_DIR)/REST.app/REST";
			};
			name = Release;
		};
		F22A3D3D1D9E0B5C0024376F /* Debug */ = {
			isa = XCBuildConfiguration;
			buildSettings = {
				INFOPLIST_FILE = RESTUITests/Info.plist;
				LD_RUNPATH_SEARCH_PATHS = "$(inherited) @executable_path/Frameworks @loader_path/Frameworks";
				PRODUCT_BUNDLE_IDENTIFIER = edu.standford.cs193p.graycode.RESTUITests;
				PRODUCT_NAME = "$(TARGET_NAME)";
				TEST_TARGET_NAME = REST;
			};
			name = Debug;
		};
		F22A3D3E1D9E0B5C0024376F /* Release */ = {
			isa = XCBuildConfiguration;
			buildSettings = {
				INFOPLIST_FILE = RESTUITests/Info.plist;
				LD_RUNPATH_SEARCH_PATHS = "$(inherited) @executable_path/Frameworks @loader_path/Frameworks";
				PRODUCT_BUNDLE_IDENTIFIER = edu.standford.cs193p.graycode.RESTUITests;
				PRODUCT_NAME = "$(TARGET_NAME)";
				TEST_TARGET_NAME = REST;
			};
			name = Release;
		};
/* End XCBuildConfiguration section */

/* Begin XCConfigurationList section */
		F22A3D011D9E0B5C0024376F /* Build configuration list for PBXProject "REST" */ = {
			isa = XCConfigurationList;
			buildConfigurations = (
				F22A3D341D9E0B5C0024376F /* Debug */,
				F22A3D351D9E0B5C0024376F /* Release */,
			);
			defaultConfigurationIsVisible = 0;
			defaultConfigurationName = Release;
		};
		F22A3D361D9E0B5C0024376F /* Build configuration list for PBXNativeTarget "REST" */ = {
			isa = XCConfigurationList;
			buildConfigurations = (
				F22A3D371D9E0B5C0024376F /* Debug */,
				F22A3D381D9E0B5C0024376F /* Release */,
			);
			defaultConfigurationIsVisible = 0;
			defaultConfigurationName = Release;
		};
		F22A3D391D9E0B5C0024376F /* Build configuration list for PBXNativeTarget "RESTTests" */ = {
			isa = XCConfigurationList;
			buildConfigurations = (
				F22A3D3A1D9E0B5C0024376F /* Debug */,
				F22A3D3B1D9E0B5C0024376F /* Release */,
			);
			defaultConfigurationIsVisible = 0;
			defaultConfigurationName = Release;
		};
		F22A3D3C1D9E0B5C0024376F /* Build configuration list for PBXNativeTarget "RESTUITests" */ = {
			isa = XCConfigurationList;
			buildConfigurations = (
				F22A3D3D1D9E0B5C0024376F /* Debug */,
				F22A3D3E1D9E0B5C0024376F /* Release */,
			);
			defaultConfigurationIsVisible = 0;
			defaultConfigurationName = Release;
		};
/* End XCConfigurationList section */

/* Begin XCVersionGroup section */
		F22A3D151D9E0B5C0024376F /* REST.xcdatamodeld */ = {
			isa = XCVersionGroup;
			children = (
				F22A3D161D9E0B5C0024376F /* REST.xcdatamodel */,
			);
			currentVersion = F22A3D161D9E0B5C0024376F /* REST.xcdatamodel */;
			path = REST.xcdatamodeld;
			sourceTree = "<group>";
			versionGroupType = wrapper.xcdatamodel;
		};
/* End XCVersionGroup section */
	};
	rootObject = F22A3CFE1D9E0B5C0024376F /* Project object */;
}
